
Microsoft Visual Studio Solution File, Format Version 12.00
# Visual Studio Version 17
VisualStudioVersion = 17.7.34009.444
MinimumVisualStudioVersion = 10.0.40219.1
Project("{FAE04EC0-301F-11D3-BF4B-00C04F79EFBC}") = "ProductManagerWebAPI", "ProductManagerWebAPI\ProductManagerWebAPI.csproj", "{8BE846C3-B8E7-4615-88E1-45012DE608F3}"
EndProject
Global
	GlobalSection(SolutionConfigurationPlatforms) = preSolution
		Debug|Any CPU = Debug|Any CPU
		Release|Any CPU = Release|Any CPU
	EndGlobalSection
	GlobalSection(ProjectConfigurationPlatforms) = postSolution
		{8BE846C3-B8E7-4615-88E1-45012DE608F3}.Debug|Any CPU.ActiveCfg = Debug|Any CPU
		{8BE846C3-B8E7-4615-88E1-45012DE608F3}.Debug|Any CPU.Build.0 = Debug|Any CPU
		{8BE846C3-B8E7-4615-88E1-45012DE608F3}.Release|Any CPU.ActiveCfg = Release|Any CPU
		{8BE846C3-B8E7-4615-88E1-45012DE608F3}.Release|Any CPU.Build.0 = Release|Any CPU
	EndGlobalSection
	GlobalSection(SolutionProperties) = preSolution
		HideSolutionNode = FALSE
	EndGlobalSection
	GlobalSection(ExtensibilityGlobals) = postSolution
		SolutionGuid = {4B25E7AD-38C9-4157-B166-E5791330801B}
	EndGlobalSection
EndGlobal
